
Microsoft Visual Studio Solution File, Format Version 12.00
# Visual Studio Version 16
VisualStudioVersion = 16.0.30105.148
MinimumVisualStudioVersion = 10.0.40219.1
Project("{FAE04EC0-301F-11D3-BF4B-00C04F79EFBC}") = "SimpleTimer", "SimpleTimer\SimpleTimer.csproj", "{F874F777-F957-465D-B51A-E00F4CCEAB17}"
EndProject
Global
	GlobalSection(SolutionConfigurationPlatforms) = preSolution
		Debug|Any CPU = Debug|Any CPU
		Release|Any CPU = Release|Any CPU
	EndGlobalSection
	GlobalSection(ProjectConfigurationPlatforms) = postSolution
		{F874F777-F957-465D-B51A-E00F4CCEAB17}.Debug|Any CPU.ActiveCfg = Debug|Any CPU
		{F874F777-F957-465D-B51A-E00F4CCEAB17}.Debug|Any CPU.Build.0 = Debug|Any CPU
		{F874F777-F957-465D-B51A-E00F4CCEAB17}.Release|Any CPU.ActiveCfg = Release|Any CPU
		{F874F777-F957-465D-B51A-E00F4CCEAB17}.Release|Any CPU.Build.0 = Release|Any CPU
	EndGlobalSection
	GlobalSection(SolutionProperties) = preSolution
		HideSolutionNode = FALSE
	EndGlobalSection
	GlobalSection(ExtensibilityGlobals) = postSolution
		SolutionGuid = {746216F0-0DDE-491B-AD79-407EB4536BB1}
	EndGlobalSection
EndGlobal
